
Microsoft Visual Studio Solution File, Format Version 12.00
# Visual Studio 2013
VisualStudioVersion = 12.0.31101.0
MinimumVisualStudioVersion = 10.0.40219.1
Project("{2150E333-8FDC-42A3-9474-1A3956D46DE8}") = "Apps", "Apps", "{A9589D96-630C-4949-8B8B-72F225B34349}"
EndProject
Project("{2150E333-8FDC-42A3-9474-1A3956D46DE8}") = "Libs", "Libs", "{9C8786EC-47FE-4D04-9798-FBAA9A59D395}"
EndProject
Project("{2150E333-8FDC-42A3-9474-1A3956D46DE8}") = "Tray", "Tray", "{B0F55E63-EF16-4486-8E4C-2DC3354642E9}"
EndProject
Project("{2150E333-8FDC-42A3-9474-1A3956D46DE8}") = "Tests", "Tests", "{B1CFB837-3959-4D1C-BD15-091FEA5FBF01}"
EndProject
Project("{2150E333-8FDC-42A3-9474-1A3956D46DE8}") = "Libs", "Libs", "{C8215B92-2AFE-4041-BC6B-8E3F8834F648}"
EndProject
Project("{FAE04EC0-301F-11D3-BF4B-00C04F79EFBC}") = "HotMark", "Src\Apps\HotMark\HotMark.csproj", "{9731941A-8CE4-4610-AEDB-E6FC4D173D1B}"
EndProject
Project("{FAE04EC0-301F-11D3-BF4B-00C04F79EFBC}") = "SwiftSearch", "Src\Apps\SwiftSearch\SwiftSearch.csproj", "{5D735DC4-2B1B-4FC1-99E1-36D73833970F}"
EndProject
Project("{FAE04EC0-301F-11D3-BF4B-00C04F79EFBC}") = "MMK", "Src\Libs\MMK\MMK.csproj", "{A9193781-F0F5-406C-BC5F-312AE4F516F3}"
EndProject
Project("{FAE04EC0-301F-11D3-BF4B-00C04F79EFBC}") = "Utils", "Src\Libs\Utils\Utils.csproj", "{1A83DD41-36AB-493F-A3C1-2ACAD7FF152F}"
EndProject
Project("{FAE04EC0-301F-11D3-BF4B-00C04F79EFBC}") = "WPFUtils", "Src\Libs\WPFUtils\WPFUtils.csproj", "{51A0C435-391F-44F2-A4B0-3D8623C2BC6B}"
EndProject
Project("{FAE04EC0-301F-11D3-BF4B-00C04F79EFBC}") = "Notify", "Src\Apps\Tray\Notify\Notify.csproj", "{8D850DCA-0932-43EB-954E-9CA35B5311B7}"
EndProject
Project("{FAE04EC0-301F-11D3-BF4B-00C04F79EFBC}") = "NotifyObserver", "Src\Apps\Tray\NotifyObserver\NotifyObserver.csproj", "{4BCD57EA-BCDC-4F58-90F9-55AAB0D4526D}"
EndProject
Project("{FAE04EC0-301F-11D3-BF4B-00C04F79EFBC}") = "MMK", "Tests\Libs\MMK\MMK.csproj", "{6173B716-B8CA-439C-8E57-68309510CC0E}"
EndProject
Project("{FAE04EC0-301F-11D3-BF4B-00C04F79EFBC}") = "SwiftSearch", "Tests\Apps\SwiftSearch\SwiftSearch.csproj", "{1C0FA5C8-FB4F-4660-AC5E-ACAC116F3A31}"
EndProject
Project("{2150E333-8FDC-42A3-9474-1A3956D46DE8}") = "Apps", "Apps", "{94BF4917-74F1-4C88-8CDB-BACD5AD9F87A}"
EndProject
Project("{FAE04EC0-301F-11D3-BF4B-00C04F79EFBC}") = "KeyDrive", "Tests\Apps\Other\KeyDrive\KeyDrive.csproj", "{14ABA20B-C50B-4C3F-8C36-8338A06541DA}"
EndProject
Project("{FAE04EC0-301F-11D3-BF4B-00C04F79EFBC}") = "KeyDrive", "Src\Apps\KeyDrive\KeyDrive.csproj", "{8AFE6C18-58AC-4CC9-AD97-C3BA844ECF76}"
EndProject
Project("{FAE04EC0-301F-11D3-BF4B-00C04F79EFBC}") = "NotifyObserver", "Tests\Libs\NotifyObserver\NotifyObserver.csproj", "{E26ADF4C-68ED-4962-9EA5-42A6EBC7A0B1}"
EndProject
Project("{2150E333-8FDC-42A3-9474-1A3956D46DE8}") = "Usages", "Usages", "{D5C97564-53FB-4613-8FA2-A1821DB39051}"
EndProject
Project("{FAE04EC0-301F-11D3-BF4B-00C04F79EFBC}") = "HotMarkPianoKeyboardUsage", "Usages\HotMarkPianoKeyboardUsage\HotMarkPianoKeyboardUsage.csproj", "{3E2AED46-A3F7-4512-8024-004005E7A3B4}"
EndProject
Project("{FAE04EC0-301F-11D3-BF4B-00C04F79EFBC}") = "ApplicationServiceModel", "Src\Libs\ApplicationServiceModel\ApplicationServiceModel.csproj", "{B7D69BF7-B8F9-46FF-963C-93ED9C8D5F47}"
EndProject
Project("{FAE04EC0-301F-11D3-BF4B-00C04F79EFBC}") = "ApplicationServiceModel", "Tests\Libs\ApplicationServiceModel\ApplicationServiceModel.csproj", "{C890172E-B6B5-428C-88EB-BF0D6833F20F}"
EndProject
Global
	GlobalSection(SolutionConfigurationPlatforms) = preSolution
		Debug|Any CPU = Debug|Any CPU
		Debug|ARM = Debug|ARM
		Debug|Mixed Platforms = Debug|Mixed Platforms
		Debug|Win32 = Debug|Win32
		Debug|x64 = Debug|x64
		Debug|x86 = Debug|x86
		Release|Any CPU = Release|Any CPU
		Release|ARM = Release|ARM
		Release|Mixed Platforms = Release|Mixed Platforms
		Release|Win32 = Release|Win32
		Release|x64 = Release|x64
		Release|x86 = Release|x86
	EndGlobalSection
	GlobalSection(ProjectConfigurationPlatforms) = postSolution
		{9731941A-8CE4-4610-AEDB-E6FC4D173D1B}.Debug|Any CPU.ActiveCfg = Debug|Any CPU
		{9731941A-8CE4-4610-AEDB-E6FC4D173D1B}.Debug|Any CPU.Build.0 = Debug|Any CPU
		{9731941A-8CE4-4610-AEDB-E6FC4D173D1B}.Debug|ARM.ActiveCfg = Debug|Any CPU
		{9731941A-8CE4-4610-AEDB-E6FC4D173D1B}.Debug|Mixed Platforms.ActiveCfg = Debug|Any CPU
		{9731941A-8CE4-4610-AEDB-E6FC4D173D1B}.Debug|Mixed Platforms.Build.0 = Debug|Any CPU
		{9731941A-8CE4-4610-AEDB-E6FC4D173D1B}.Debug|Win32.ActiveCfg = Debug|Any CPU
		{9731941A-8CE4-4610-AEDB-E6FC4D173D1B}.Debug|x64.ActiveCfg = Debug|Any CPU
		{9731941A-8CE4-4610-AEDB-E6FC4D173D1B}.Debug|x86.ActiveCfg = Debug|Any CPU
		{9731941A-8CE4-4610-AEDB-E6FC4D173D1B}.Release|Any CPU.ActiveCfg = Release|Any CPU
		{9731941A-8CE4-4610-AEDB-E6FC4D173D1B}.Release|Any CPU.Build.0 = Release|Any CPU
		{9731941A-8CE4-4610-AEDB-E6FC4D173D1B}.Release|ARM.ActiveCfg = Release|Any CPU
		{9731941A-8CE4-4610-AEDB-E6FC4D173D1B}.Release|Mixed Platforms.ActiveCfg = Release|Any CPU
		{9731941A-8CE4-4610-AEDB-E6FC4D173D1B}.Release|Mixed Platforms.Build.0 = Release|Any CPU
		{9731941A-8CE4-4610-AEDB-E6FC4D173D1B}.Release|Win32.ActiveCfg = Release|Any CPU
		{9731941A-8CE4-4610-AEDB-E6FC4D173D1B}.Release|x64.ActiveCfg = Release|Any CPU
		{9731941A-8CE4-4610-AEDB-E6FC4D173D1B}.Release|x86.ActiveCfg = Release|Any CPU
		{5D735DC4-2B1B-4FC1-99E1-36D73833970F}.Debug|Any CPU.ActiveCfg = Debug|Any CPU
		{5D735DC4-2B1B-4FC1-99E1-36D73833970F}.Debug|Any CPU.Build.0 = Debug|Any CPU
		{5D735DC4-2B1B-4FC1-99E1-36D73833970F}.Debug|ARM.ActiveCfg = Debug|Any CPU
		{5D735DC4-2B1B-4FC1-99E1-36D73833970F}.Debug|Mixed Platforms.ActiveCfg = Debug|Any CPU
		{5D735DC4-2B1B-4FC1-99E1-36D73833970F}.Debug|Mixed Platforms.Build.0 = Debug|Any CPU
		{5D735DC4-2B1B-4FC1-99E1-36D73833970F}.Debug|Win32.ActiveCfg = Debug|Any CPU
		{5D735DC4-2B1B-4FC1-99E1-36D73833970F}.Debug|x64.ActiveCfg = Debug|Any CPU
		{5D735DC4-2B1B-4FC1-99E1-36D73833970F}.Debug|x86.ActiveCfg = Debug|Any CPU
		{5D735DC4-2B1B-4FC1-99E1-36D73833970F}.Release|Any CPU.ActiveCfg = Release|Any CPU
		{5D735DC4-2B1B-4FC1-99E1-36D73833970F}.Release|Any CPU.Build.0 = Release|Any CPU
		{5D735DC4-2B1B-4FC1-99E1-36D73833970F}.Release|ARM.ActiveCfg = Release|Any CPU
		{5D735DC4-2B1B-4FC1-99E1-36D73833970F}.Release|Mixed Platforms.ActiveCfg = Release|Any CPU
		{5D735DC4-2B1B-4FC1-99E1-36D73833970F}.Release|Mixed Platforms.Build.0 = Release|Any CPU
		{5D735DC4-2B1B-4FC1-99E1-36D73833970F}.Release|Win32.ActiveCfg = Release|Any CPU
		{5D735DC4-2B1B-4FC1-99E1-36D73833970F}.Release|x64.ActiveCfg = Release|Any CPU
		{5D735DC4-2B1B-4FC1-99E1-36D73833970F}.Release|x86.ActiveCfg = Release|Any CPU
		{A9193781-F0F5-406C-BC5F-312AE4F516F3}.Debug|Any CPU.ActiveCfg = Debug|Any CPU
		{A9193781-F0F5-406C-BC5F-312AE4F516F3}.Debug|Any CPU.Build.0 = Debug|Any CPU
		{A9193781-F0F5-406C-BC5F-312AE4F516F3}.Debug|ARM.ActiveCfg = Debug|Any CPU
		{A9193781-F0F5-406C-BC5F-312AE4F516F3}.Debug|Mixed Platforms.ActiveCfg = Debug|Any CPU
		{A9193781-F0F5-406C-BC5F-312AE4F516F3}.Debug|Mixed Platforms.Build.0 = Debug|Any CPU
		{A9193781-F0F5-406C-BC5F-312AE4F516F3}.Debug|Win32.ActiveCfg = Debug|Any CPU
		{A9193781-F0F5-406C-BC5F-312AE4F516F3}.Debug|x64.ActiveCfg = Debug|Any CPU
		{A9193781-F0F5-406C-BC5F-312AE4F516F3}.Debug|x86.ActiveCfg = Debug|Any CPU
		{A9193781-F0F5-406C-BC5F-312AE4F516F3}.Release|Any CPU.ActiveCfg = Release|Any CPU
		{A9193781-F0F5-406C-BC5F-312AE4F516F3}.Release|Any CPU.Build.0 = Release|Any CPU
		{A9193781-F0F5-406C-BC5F-312AE4F516F3}.Release|ARM.ActiveCfg = Release|Any CPU
		{A9193781-F0F5-406C-BC5F-312AE4F516F3}.Release|Mixed Platforms.ActiveCfg = Release|Any CPU
		{A9193781-F0F5-406C-BC5F-312AE4F516F3}.Release|Mixed Platforms.Build.0 = Release|Any CPU
		{A9193781-F0F5-406C-BC5F-312AE4F516F3}.Release|Win32.ActiveCfg = Release|Any CPU
		{A9193781-F0F5-406C-BC5F-312AE4F516F3}.Release|x64.ActiveCfg = Release|Any CPU
		{A9193781-F0F5-406C-BC5F-312AE4F516F3}.Release|x86.ActiveCfg = Release|Any CPU
		{1A83DD41-36AB-493F-A3C1-2ACAD7FF152F}.Debug|Any CPU.ActiveCfg = Debug|Any CPU
		{1A83DD41-36AB-493F-A3C1-2ACAD7FF152F}.Debug|Any CPU.Build.0 = Debug|Any CPU
		{1A83DD41-36AB-493F-A3C1-2ACAD7FF152F}.Debug|ARM.ActiveCfg = Debug|Any CPU
		{1A83DD41-36AB-493F-A3C1-2ACAD7FF152F}.Debug|Mixed Platforms.ActiveCfg = Debug|x86
		{1A83DD41-36AB-493F-A3C1-2ACAD7FF152F}.Debug|Mixed Platforms.Build.0 = Debug|x86
		{1A83DD41-36AB-493F-A3C1-2ACAD7FF152F}.Debug|Win32.ActiveCfg = Debug|x86
		{1A83DD41-36AB-493F-A3C1-2ACAD7FF152F}.Debug|Win32.Build.0 = Debug|x86
		{1A83DD41-36AB-493F-A3C1-2ACAD7FF152F}.Debug|x64.ActiveCfg = Debug|Any CPU
		{1A83DD41-36AB-493F-A3C1-2ACAD7FF152F}.Debug|x86.ActiveCfg = Debug|x86
		{1A83DD41-36AB-493F-A3C1-2ACAD7FF152F}.Debug|x86.Build.0 = Debug|x86
		{1A83DD41-36AB-493F-A3C1-2ACAD7FF152F}.Release|Any CPU.ActiveCfg = Release|Any CPU
		{1A83DD41-36AB-493F-A3C1-2ACAD7FF152F}.Release|Any CPU.Build.0 = Release|Any CPU
		{1A83DD41-36AB-493F-A3C1-2ACAD7FF152F}.Release|ARM.ActiveCfg = Release|Any CPU
		{1A83DD41-36AB-493F-A3C1-2ACAD7FF152F}.Release|Mixed Platforms.ActiveCfg = Release|x86
		{1A83DD41-36AB-493F-A3C1-2ACAD7FF152F}.Release|Mixed Platforms.Build.0 = Release|x86
		{1A83DD41-36AB-493F-A3C1-2ACAD7FF152F}.Release|Win32.ActiveCfg = Release|x86
		{1A83DD41-36AB-493F-A3C1-2ACAD7FF152F}.Release|Win32.Build.0 = Release|x86
		{1A83DD41-36AB-493F-A3C1-2ACAD7FF152F}.Release|x64.ActiveCfg = Release|Any CPU
		{1A83DD41-36AB-493F-A3C1-2ACAD7FF152F}.Release|x86.ActiveCfg = Release|x86
		{1A83DD41-36AB-493F-A3C1-2ACAD7FF152F}.Release|x86.Build.0 = Release|x86
		{51A0C435-391F-44F2-A4B0-3D8623C2BC6B}.Debug|Any CPU.ActiveCfg = Debug|Any CPU
		{51A0C435-391F-44F2-A4B0-3D8623C2BC6B}.Debug|Any CPU.Build.0 = Debug|Any CPU
		{51A0C435-391F-44F2-A4B0-3D8623C2BC6B}.Debug|ARM.ActiveCfg = Debug|Any CPU
		{51A0C435-391F-44F2-A4B0-3D8623C2BC6B}.Debug|Mixed Platforms.ActiveCfg = Debug|Any CPU
		{51A0C435-391F-44F2-A4B0-3D8623C2BC6B}.Debug|Mixed Platforms.Build.0 = Debug|Any CPU
		{51A0C435-391F-44F2-A4B0-3D8623C2BC6B}.Debug|Win32.ActiveCfg = Debug|Any CPU
		{51A0C435-391F-44F2-A4B0-3D8623C2BC6B}.Debug|x64.ActiveCfg = Debug|Any CPU
		{51A0C435-391F-44F2-A4B0-3D8623C2BC6B}.Debug|x86.ActiveCfg = Debug|Any CPU
		{51A0C435-391F-44F2-A4B0-3D8623C2BC6B}.Release|Any CPU.ActiveCfg = Release|Any CPU
		{51A0C435-391F-44F2-A4B0-3D8623C2BC6B}.Release|Any CPU.Build.0 = Release|Any CPU
		{51A0C435-391F-44F2-A4B0-3D8623C2BC6B}.Release|ARM.ActiveCfg = Release|Any CPU
		{51A0C435-391F-44F2-A4B0-3D8623C2BC6B}.Release|Mixed Platforms.ActiveCfg = Release|Any CPU
		{51A0C435-391F-44F2-A4B0-3D8623C2BC6B}.Release|Mixed Platforms.Build.0 = Release|Any CPU
		{51A0C435-391F-44F2-A4B0-3D8623C2BC6B}.Release|Win32.ActiveCfg = Release|Any CPU
		{51A0C435-391F-44F2-A4B0-3D8623C2BC6B}.Release|x64.ActiveCfg = Release|Any CPU
		{51A0C435-391F-44F2-A4B0-3D8623C2BC6B}.Release|x86.ActiveCfg = Release|Any CPU
		{8D850DCA-0932-43EB-954E-9CA35B5311B7}.Debug|Any CPU.ActiveCfg = Debug|Any CPU
		{8D850DCA-0932-43EB-954E-9CA35B5311B7}.Debug|Any CPU.Build.0 = Debug|Any CPU
		{8D850DCA-0932-43EB-954E-9CA35B5311B7}.Debug|ARM.ActiveCfg = Debug|Any CPU
		{8D850DCA-0932-43EB-954E-9CA35B5311B7}.Debug|Mixed Platforms.ActiveCfg = Debug|Any CPU
		{8D850DCA-0932-43EB-954E-9CA35B5311B7}.Debug|Mixed Platforms.Build.0 = Debug|Any CPU
		{8D850DCA-0932-43EB-954E-9CA35B5311B7}.Debug|Win32.ActiveCfg = Debug|Any CPU
		{8D850DCA-0932-43EB-954E-9CA35B5311B7}.Debug|x64.ActiveCfg = Debug|Any CPU
		{8D850DCA-0932-43EB-954E-9CA35B5311B7}.Debug|x86.ActiveCfg = Debug|Any CPU
		{8D850DCA-0932-43EB-954E-9CA35B5311B7}.Release|Any CPU.ActiveCfg = Release|Any CPU
		{8D850DCA-0932-43EB-954E-9CA35B5311B7}.Release|Any CPU.Build.0 = Release|Any CPU
		{8D850DCA-0932-43EB-954E-9CA35B5311B7}.Release|ARM.ActiveCfg = Release|Any CPU
		{8D850DCA-0932-43EB-954E-9CA35B5311B7}.Release|Mixed Platforms.ActiveCfg = Release|Any CPU
		{8D850DCA-0932-43EB-954E-9CA35B5311B7}.Release|Mixed Platforms.Build.0 = Release|Any CPU
		{8D850DCA-0932-43EB-954E-9CA35B5311B7}.Release|Win32.ActiveCfg = Release|Any CPU
		{8D850DCA-0932-43EB-954E-9CA35B5311B7}.Release|x64.ActiveCfg = Release|Any CPU
		{8D850DCA-0932-43EB-954E-9CA35B5311B7}.Release|x86.ActiveCfg = Release|Any CPU
		{4BCD57EA-BCDC-4F58-90F9-55AAB0D4526D}.Debug|Any CPU.ActiveCfg = Debug|Any CPU
		{4BCD57EA-BCDC-4F58-90F9-55AAB0D4526D}.Debug|Any CPU.Build.0 = Debug|Any CPU
		{4BCD57EA-BCDC-4F58-90F9-55AAB0D4526D}.Debug|ARM.ActiveCfg = Debug|Any CPU
		{4BCD57EA-BCDC-4F58-90F9-55AAB0D4526D}.Debug|Mixed Platforms.ActiveCfg = Debug|Any CPU
		{4BCD57EA-BCDC-4F58-90F9-55AAB0D4526D}.Debug|Mixed Platforms.Build.0 = Debug|Any CPU
		{4BCD57EA-BCDC-4F58-90F9-55AAB0D4526D}.Debug|Win32.ActiveCfg = Debug|Any CPU
		{4BCD57EA-BCDC-4F58-90F9-55AAB0D4526D}.Debug|x64.ActiveCfg = Debug|Any CPU
		{4BCD57EA-BCDC-4F58-90F9-55AAB0D4526D}.Debug|x86.ActiveCfg = Debug|Any CPU
		{4BCD57EA-BCDC-4F58-90F9-55AAB0D4526D}.Release|Any CPU.ActiveCfg = Release|Any CPU
		{4BCD57EA-BCDC-4F58-90F9-55AAB0D4526D}.Release|Any CPU.Build.0 = Release|Any CPU
		{4BCD57EA-BCDC-4F58-90F9-55AAB0D4526D}.Release|ARM.ActiveCfg = Release|Any CPU
		{4BCD57EA-BCDC-4F58-90F9-55AAB0D4526D}.Release|Mixed Platforms.ActiveCfg = Release|Any CPU
		{4BCD57EA-BCDC-4F58-90F9-55AAB0D4526D}.Release|Mixed Platforms.Build.0 = Release|Any CPU
		{4BCD57EA-BCDC-4F58-90F9-55AAB0D4526D}.Release|Win32.ActiveCfg = Release|Any CPU
		{4BCD57EA-BCDC-4F58-90F9-55AAB0D4526D}.Release|x64.ActiveCfg = Release|Any CPU
		{4BCD57EA-BCDC-4F58-90F9-55AAB0D4526D}.Release|x86.ActiveCfg = Release|Any CPU
		{6173B716-B8CA-439C-8E57-68309510CC0E}.Debug|Any CPU.ActiveCfg = Debug|Any CPU
		{6173B716-B8CA-439C-8E57-68309510CC0E}.Debug|Any CPU.Build.0 = Debug|Any CPU
		{6173B716-B8CA-439C-8E57-68309510CC0E}.Debug|ARM.ActiveCfg = Debug|Any CPU
		{6173B716-B8CA-439C-8E57-68309510CC0E}.Debug|Mixed Platforms.ActiveCfg = Debug|Any CPU
		{6173B716-B8CA-439C-8E57-68309510CC0E}.Debug|Mixed Platforms.Build.0 = Debug|Any CPU
		{6173B716-B8CA-439C-8E57-68309510CC0E}.Debug|Win32.ActiveCfg = Debug|Any CPU
		{6173B716-B8CA-439C-8E57-68309510CC0E}.Debug|x64.ActiveCfg = Debug|Any CPU
		{6173B716-B8CA-439C-8E57-68309510CC0E}.Debug|x86.ActiveCfg = Debug|Any CPU
		{6173B716-B8CA-439C-8E57-68309510CC0E}.Release|Any CPU.ActiveCfg = Release|Any CPU
		{6173B716-B8CA-439C-8E57-68309510CC0E}.Release|Any CPU.Build.0 = Release|Any CPU
		{6173B716-B8CA-439C-8E57-68309510CC0E}.Release|ARM.ActiveCfg = Release|Any CPU
		{6173B716-B8CA-439C-8E57-68309510CC0E}.Release|Mixed Platforms.ActiveCfg = Release|Any CPU
		{6173B716-B8CA-439C-8E57-68309510CC0E}.Release|Mixed Platforms.Build.0 = Release|Any CPU
		{6173B716-B8CA-439C-8E57-68309510CC0E}.Release|Win32.ActiveCfg = Release|Any CPU
		{6173B716-B8CA-439C-8E57-68309510CC0E}.Release|x64.ActiveCfg = Release|Any CPU
		{6173B716-B8CA-439C-8E57-68309510CC0E}.Release|x86.ActiveCfg = Release|Any CPU
		{1C0FA5C8-FB4F-4660-AC5E-ACAC116F3A31}.Debug|Any CPU.ActiveCfg = Debug|Any CPU
		{1C0FA5C8-FB4F-4660-AC5E-ACAC116F3A31}.Debug|Any CPU.Build.0 = Debug|Any CPU
		{1C0FA5C8-FB4F-4660-AC5E-ACAC116F3A31}.Debug|ARM.ActiveCfg = Debug|Any CPU
		{1C0FA5C8-FB4F-4660-AC5E-ACAC116F3A31}.Debug|Mixed Platforms.ActiveCfg = Debug|Any CPU
		{1C0FA5C8-FB4F-4660-AC5E-ACAC116F3A31}.Debug|Mixed Platforms.Build.0 = Debug|Any CPU
		{1C0FA5C8-FB4F-4660-AC5E-ACAC116F3A31}.Debug|Win32.ActiveCfg = Debug|Any CPU
		{1C0FA5C8-FB4F-4660-AC5E-ACAC116F3A31}.Debug|x64.ActiveCfg = Debug|Any CPU
		{1C0FA5C8-FB4F-4660-AC5E-ACAC116F3A31}.Debug|x86.ActiveCfg = Debug|Any CPU
		{1C0FA5C8-FB4F-4660-AC5E-ACAC116F3A31}.Release|Any CPU.ActiveCfg = Release|Any CPU
		{1C0FA5C8-FB4F-4660-AC5E-ACAC116F3A31}.Release|Any CPU.Build.0 = Release|Any CPU
		{1C0FA5C8-FB4F-4660-AC5E-ACAC116F3A31}.Release|ARM.ActiveCfg = Release|Any CPU
		{1C0FA5C8-FB4F-4660-AC5E-ACAC116F3A31}.Release|Mixed Platforms.ActiveCfg = Release|Any CPU
		{1C0FA5C8-FB4F-4660-AC5E-ACAC116F3A31}.Release|Mixed Platforms.Build.0 = Release|Any CPU
		{1C0FA5C8-FB4F-4660-AC5E-ACAC116F3A31}.Release|Win32.ActiveCfg = Release|Any CPU
		{1C0FA5C8-FB4F-4660-AC5E-ACAC116F3A31}.Release|x64.ActiveCfg = Release|Any CPU
		{1C0FA5C8-FB4F-4660-AC5E-ACAC116F3A31}.Release|x86.ActiveCfg = Release|Any CPU
		{14ABA20B-C50B-4C3F-8C36-8338A06541DA}.Debug|Any CPU.ActiveCfg = Debug|Any CPU
		{14ABA20B-C50B-4C3F-8C36-8338A06541DA}.Debug|Any CPU.Build.0 = Debug|Any CPU
		{14ABA20B-C50B-4C3F-8C36-8338A06541DA}.Debug|ARM.ActiveCfg = Debug|Any CPU
		{14ABA20B-C50B-4C3F-8C36-8338A06541DA}.Debug|Mixed Platforms.ActiveCfg = Debug|Any CPU
		{14ABA20B-C50B-4C3F-8C36-8338A06541DA}.Debug|Mixed Platforms.Build.0 = Debug|Any CPU
		{14ABA20B-C50B-4C3F-8C36-8338A06541DA}.Debug|Win32.ActiveCfg = Debug|Any CPU
		{14ABA20B-C50B-4C3F-8C36-8338A06541DA}.Debug|x64.ActiveCfg = Debug|Any CPU
		{14ABA20B-C50B-4C3F-8C36-8338A06541DA}.Debug|x86.ActiveCfg = Debug|Any CPU
		{14ABA20B-C50B-4C3F-8C36-8338A06541DA}.Release|Any CPU.ActiveCfg = Release|Any CPU
		{14ABA20B-C50B-4C3F-8C36-8338A06541DA}.Release|Any CPU.Build.0 = Release|Any CPU
		{14ABA20B-C50B-4C3F-8C36-8338A06541DA}.Release|ARM.ActiveCfg = Release|Any CPU
		{14ABA20B-C50B-4C3F-8C36-8338A06541DA}.Release|Mixed Platforms.ActiveCfg = Release|Any CPU
		{14ABA20B-C50B-4C3F-8C36-8338A06541DA}.Release|Mixed Platforms.Build.0 = Release|Any CPU
		{14ABA20B-C50B-4C3F-8C36-8338A06541DA}.Release|Win32.ActiveCfg = Release|Any CPU
		{14ABA20B-C50B-4C3F-8C36-8338A06541DA}.Release|x64.ActiveCfg = Release|Any CPU
		{14ABA20B-C50B-4C3F-8C36-8338A06541DA}.Release|x86.ActiveCfg = Release|Any CPU
		{8AFE6C18-58AC-4CC9-AD97-C3BA844ECF76}.Debug|Any CPU.ActiveCfg = Debug|Any CPU
		{8AFE6C18-58AC-4CC9-AD97-C3BA844ECF76}.Debug|Any CPU.Build.0 = Debug|Any CPU
		{8AFE6C18-58AC-4CC9-AD97-C3BA844ECF76}.Debug|ARM.ActiveCfg = Debug|Any CPU
		{8AFE6C18-58AC-4CC9-AD97-C3BA844ECF76}.Debug|Mixed Platforms.ActiveCfg = Debug|Any CPU
		{8AFE6C18-58AC-4CC9-AD97-C3BA844ECF76}.Debug|Mixed Platforms.Build.0 = Debug|Any CPU
		{8AFE6C18-58AC-4CC9-AD97-C3BA844ECF76}.Debug|Win32.ActiveCfg = Debug|Any CPU
		{8AFE6C18-58AC-4CC9-AD97-C3BA844ECF76}.Debug|x64.ActiveCfg = Debug|Any CPU
		{8AFE6C18-58AC-4CC9-AD97-C3BA844ECF76}.Debug|x86.ActiveCfg = Debug|Any CPU
		{8AFE6C18-58AC-4CC9-AD97-C3BA844ECF76}.Release|Any CPU.ActiveCfg = Release|Any CPU
		{8AFE6C18-58AC-4CC9-AD97-C3BA844ECF76}.Release|Any CPU.Build.0 = Release|Any CPU
		{8AFE6C18-58AC-4CC9-AD97-C3BA844ECF76}.Release|ARM.ActiveCfg = Release|Any CPU
		{8AFE6C18-58AC-4CC9-AD97-C3BA844ECF76}.Release|Mixed Platforms.ActiveCfg = Release|Any CPU
		{8AFE6C18-58AC-4CC9-AD97-C3BA844ECF76}.Release|Mixed Platforms.Build.0 = Release|Any CPU
		{8AFE6C18-58AC-4CC9-AD97-C3BA844ECF76}.Release|Win32.ActiveCfg = Release|Any CPU
		{8AFE6C18-58AC-4CC9-AD97-C3BA844ECF76}.Release|x64.ActiveCfg = Release|Any CPU
		{8AFE6C18-58AC-4CC9-AD97-C3BA844ECF76}.Release|x86.ActiveCfg = Release|Any CPU
		{E26ADF4C-68ED-4962-9EA5-42A6EBC7A0B1}.Debug|Any CPU.ActiveCfg = Debug|Any CPU
		{E26ADF4C-68ED-4962-9EA5-42A6EBC7A0B1}.Debug|Any CPU.Build.0 = Debug|Any CPU
		{E26ADF4C-68ED-4962-9EA5-42A6EBC7A0B1}.Debug|ARM.ActiveCfg = Debug|Any CPU
		{E26ADF4C-68ED-4962-9EA5-42A6EBC7A0B1}.Debug|Mixed Platforms.ActiveCfg = Debug|Any CPU
		{E26ADF4C-68ED-4962-9EA5-42A6EBC7A0B1}.Debug|Mixed Platforms.Build.0 = Debug|Any CPU
		{E26ADF4C-68ED-4962-9EA5-42A6EBC7A0B1}.Debug|Win32.ActiveCfg = Debug|Any CPU
		{E26ADF4C-68ED-4962-9EA5-42A6EBC7A0B1}.Debug|x64.ActiveCfg = Debug|Any CPU
		{E26ADF4C-68ED-4962-9EA5-42A6EBC7A0B1}.Debug|x86.ActiveCfg = Debug|Any CPU
		{E26ADF4C-68ED-4962-9EA5-42A6EBC7A0B1}.Release|Any CPU.ActiveCfg = Release|Any CPU
		{E26ADF4C-68ED-4962-9EA5-42A6EBC7A0B1}.Release|Any CPU.Build.0 = Release|Any CPU
		{E26ADF4C-68ED-4962-9EA5-42A6EBC7A0B1}.Release|ARM.ActiveCfg = Release|Any CPU
		{E26ADF4C-68ED-4962-9EA5-42A6EBC7A0B1}.Release|Mixed Platforms.ActiveCfg = Release|Any CPU
		{E26ADF4C-68ED-4962-9EA5-42A6EBC7A0B1}.Release|Mixed Platforms.Build.0 = Release|Any CPU
		{E26ADF4C-68ED-4962-9EA5-42A6EBC7A0B1}.Release|Win32.ActiveCfg = Release|Any CPU
		{E26ADF4C-68ED-4962-9EA5-42A6EBC7A0B1}.Release|x64.ActiveCfg = Release|Any CPU
		{E26ADF4C-68ED-4962-9EA5-42A6EBC7A0B1}.Release|x86.ActiveCfg = Release|Any CPU
		{3E2AED46-A3F7-4512-8024-004005E7A3B4}.Debug|Any CPU.ActiveCfg = Debug|Any CPU
		{3E2AED46-A3F7-4512-8024-004005E7A3B4}.Debug|Any CPU.Build.0 = Debug|Any CPU
		{3E2AED46-A3F7-4512-8024-004005E7A3B4}.Debug|ARM.ActiveCfg = Debug|Any CPU
		{3E2AED46-A3F7-4512-8024-004005E7A3B4}.Debug|Mixed Platforms.ActiveCfg = Debug|Any CPU
		{3E2AED46-A3F7-4512-8024-004005E7A3B4}.Debug|Mixed Platforms.Build.0 = Debug|Any CPU
		{3E2AED46-A3F7-4512-8024-004005E7A3B4}.Debug|Win32.ActiveCfg = Debug|Any CPU
		{3E2AED46-A3F7-4512-8024-004005E7A3B4}.Debug|x64.ActiveCfg = Debug|Any CPU
		{3E2AED46-A3F7-4512-8024-004005E7A3B4}.Debug|x86.ActiveCfg = Debug|Any CPU
		{3E2AED46-A3F7-4512-8024-004005E7A3B4}.Release|Any CPU.ActiveCfg = Release|Any CPU
		{3E2AED46-A3F7-4512-8024-004005E7A3B4}.Release|Any CPU.Build.0 = Release|Any CPU
		{3E2AED46-A3F7-4512-8024-004005E7A3B4}.Release|ARM.ActiveCfg = Release|Any CPU
		{3E2AED46-A3F7-4512-8024-004005E7A3B4}.Release|Mixed Platforms.ActiveCfg = Release|Any CPU
		{3E2AED46-A3F7-4512-8024-004005E7A3B4}.Release|Mixed Platforms.Build.0 = Release|Any CPU
		{3E2AED46-A3F7-4512-8024-004005E7A3B4}.Release|Win32.ActiveCfg = Release|Any CPU
		{3E2AED46-A3F7-4512-8024-004005E7A3B4}.Release|x64.ActiveCfg = Release|Any CPU
		{3E2AED46-A3F7-4512-8024-004005E7A3B4}.Release|x86.ActiveCfg = Release|Any CPU
		{B7D69BF7-B8F9-46FF-963C-93ED9C8D5F47}.Debug|Any CPU.ActiveCfg = Debug|Any CPU
		{B7D69BF7-B8F9-46FF-963C-93ED9C8D5F47}.Debug|Any CPU.Build.0 = Debug|Any CPU
		{B7D69BF7-B8F9-46FF-963C-93ED9C8D5F47}.Debug|ARM.ActiveCfg = Debug|Any CPU
		{B7D69BF7-B8F9-46FF-963C-93ED9C8D5F47}.Debug|Mixed Platforms.ActiveCfg = Debug|Any CPU
		{B7D69BF7-B8F9-46FF-963C-93ED9C8D5F47}.Debug|Mixed Platforms.Build.0 = Debug|Any CPU
		{B7D69BF7-B8F9-46FF-963C-93ED9C8D5F47}.Debug|Win32.ActiveCfg = Debug|Any CPU
		{B7D69BF7-B8F9-46FF-963C-93ED9C8D5F47}.Debug|x64.ActiveCfg = Debug|Any CPU
		{B7D69BF7-B8F9-46FF-963C-93ED9C8D5F47}.Debug|x86.ActiveCfg = Debug|Any CPU
		{B7D69BF7-B8F9-46FF-963C-93ED9C8D5F47}.Release|Any CPU.ActiveCfg = Release|Any CPU
		{B7D69BF7-B8F9-46FF-963C-93ED9C8D5F47}.Release|Any CPU.Build.0 = Release|Any CPU
		{B7D69BF7-B8F9-46FF-963C-93ED9C8D5F47}.Release|ARM.ActiveCfg = Release|Any CPU
		{B7D69BF7-B8F9-46FF-963C-93ED9C8D5F47}.Release|Mixed Platforms.ActiveCfg = Release|Any CPU
		{B7D69BF7-B8F9-46FF-963C-93ED9C8D5F47}.Release|Mixed Platforms.Build.0 = Release|Any CPU
		{B7D69BF7-B8F9-46FF-963C-93ED9C8D5F47}.Release|Win32.ActiveCfg = Release|Any CPU
		{B7D69BF7-B8F9-46FF-963C-93ED9C8D5F47}.Release|x64.ActiveCfg = Release|Any CPU
		{B7D69BF7-B8F9-46FF-963C-93ED9C8D5F47}.Release|x86.ActiveCfg = Release|Any CPU
		{C890172E-B6B5-428C-88EB-BF0D6833F20F}.Debug|Any CPU.ActiveCfg = Debug|Any CPU
		{C890172E-B6B5-428C-88EB-BF0D6833F20F}.Debug|Any CPU.Build.0 = Debug|Any CPU
		{C890172E-B6B5-428C-88EB-BF0D6833F20F}.Debug|ARM.ActiveCfg = Debug|Any CPU
		{C890172E-B6B5-428C-88EB-BF0D6833F20F}.Debug|Mixed Platforms.ActiveCfg = Debug|Any CPU
		{C890172E-B6B5-428C-88EB-BF0D6833F20F}.Debug|Mixed Platforms.Build.0 = Debug|Any CPU
		{C890172E-B6B5-428C-88EB-BF0D6833F20F}.Debug|Win32.ActiveCfg = Debug|Any CPU
		{C890172E-B6B5-428C-88EB-BF0D6833F20F}.Debug|x64.ActiveCfg = Debug|Any CPU
		{C890172E-B6B5-428C-88EB-BF0D6833F20F}.Debug|x86.ActiveCfg = Debug|Any CPU
		{C890172E-B6B5-428C-88EB-BF0D6833F20F}.Release|Any CPU.ActiveCfg = Release|Any CPU
		{C890172E-B6B5-428C-88EB-BF0D6833F20F}.Release|Any CPU.Build.0 = Release|Any CPU
		{C890172E-B6B5-428C-88EB-BF0D6833F20F}.Release|ARM.ActiveCfg = Release|Any CPU
		{C890172E-B6B5-428C-88EB-BF0D6833F20F}.Release|Mixed Platforms.ActiveCfg = Release|Any CPU
		{C890172E-B6B5-428C-88EB-BF0D6833F20F}.Release|Mixed Platforms.Build.0 = Release|Any CPU
		{C890172E-B6B5-428C-88EB-BF0D6833F20F}.Release|Win32.ActiveCfg = Release|Any CPU
		{C890172E-B6B5-428C-88EB-BF0D6833F20F}.Release|x64.ActiveCfg = Release|Any CPU
		{C890172E-B6B5-428C-88EB-BF0D6833F20F}.Release|x86.ActiveCfg = Release|Any CPU
	EndGlobalSection
	GlobalSection(SolutionProperties) = preSolution
		HideSolutionNode = FALSE
	EndGlobalSection
	GlobalSection(NestedProjects) = preSolution
		{B0F55E63-EF16-4486-8E4C-2DC3354642E9} = {A9589D96-630C-4949-8B8B-72F225B34349}
		{C8215B92-2AFE-4041-BC6B-8E3F8834F648} = {B1CFB837-3959-4D1C-BD15-091FEA5FBF01}
		{9731941A-8CE4-4610-AEDB-E6FC4D173D1B} = {A9589D96-630C-4949-8B8B-72F225B34349}
		{5D735DC4-2B1B-4FC1-99E1-36D73833970F} = {A9589D96-630C-4949-8B8B-72F225B34349}
		{A9193781-F0F5-406C-BC5F-312AE4F516F3} = {9C8786EC-47FE-4D04-9798-FBAA9A59D395}
		{1A83DD41-36AB-493F-A3C1-2ACAD7FF152F} = {9C8786EC-47FE-4D04-9798-FBAA9A59D395}
		{51A0C435-391F-44F2-A4B0-3D8623C2BC6B} = {9C8786EC-47FE-4D04-9798-FBAA9A59D395}
		{8D850DCA-0932-43EB-954E-9CA35B5311B7} = {B0F55E63-EF16-4486-8E4C-2DC3354642E9}
		{4BCD57EA-BCDC-4F58-90F9-55AAB0D4526D} = {B0F55E63-EF16-4486-8E4C-2DC3354642E9}
		{6173B716-B8CA-439C-8E57-68309510CC0E} = {C8215B92-2AFE-4041-BC6B-8E3F8834F648}
		{1C0FA5C8-FB4F-4660-AC5E-ACAC116F3A31} = {94BF4917-74F1-4C88-8CDB-BACD5AD9F87A}
		{94BF4917-74F1-4C88-8CDB-BACD5AD9F87A} = {B1CFB837-3959-4D1C-BD15-091FEA5FBF01}
		{14ABA20B-C50B-4C3F-8C36-8338A06541DA} = {94BF4917-74F1-4C88-8CDB-BACD5AD9F87A}
		{8AFE6C18-58AC-4CC9-AD97-C3BA844ECF76} = {A9589D96-630C-4949-8B8B-72F225B34349}
		{E26ADF4C-68ED-4962-9EA5-42A6EBC7A0B1} = {C8215B92-2AFE-4041-BC6B-8E3F8834F648}
		{3E2AED46-A3F7-4512-8024-004005E7A3B4} = {D5C97564-53FB-4613-8FA2-A1821DB39051}
		{B7D69BF7-B8F9-46FF-963C-93ED9C8D5F47} = {9C8786EC-47FE-4D04-9798-FBAA9A59D395}
		{C890172E-B6B5-428C-88EB-BF0D6833F20F} = {C8215B92-2AFE-4041-BC6B-8E3F8834F648}
	EndGlobalSection
EndGlobal
